
Microsoft Visual Studio Solution File, Format Version 12.00
# Visual Studio 14
VisualStudioVersion = 14.0.25420.1
MinimumVisualStudioVersion = 10.0.40219.1
Project("{FAE04EC0-301F-11D3-BF4B-00C04F79EFBC}") = "ActiveXTimeTable", "ActiveXTimeTable\ActiveXTimeTable.csproj", "{1B8A6E65-38BD-45CE-89BC-F16E5CF6D10B}"
EndProject
Project("{54435603-DBB4-11D2-8724-00A0C9A8B90C}") = "Setuptimetable", "Setuptimetable\Setuptimetable.vdproj", "{E3997FDA-309E-4727-8886-3BE853B7B764}"
EndProject
Global
	GlobalSection(SolutionConfigurationPlatforms) = preSolution
		CD_ROM|Any CPU = CD_ROM|Any CPU
		CD_ROM|x86 = CD_ROM|x86
		Debug|Any CPU = Debug|Any CPU
		Debug|x86 = Debug|x86
		DVD-5|Any CPU = DVD-5|Any CPU
		DVD-5|x86 = DVD-5|x86
		Release|Any CPU = Release|Any CPU
		Release|x86 = Release|x86
		SingleImage|Any CPU = SingleImage|Any CPU
		SingleImage|x86 = SingleImage|x86
	EndGlobalSection
	GlobalSection(ProjectConfigurationPlatforms) = postSolution
		{1B8A6E65-38BD-45CE-89BC-F16E5CF6D10B}.CD_ROM|Any CPU.ActiveCfg = Release|Any CPU
		{1B8A6E65-38BD-45CE-89BC-F16E5CF6D10B}.CD_ROM|Any CPU.Build.0 = Release|Any CPU
		{1B8A6E65-38BD-45CE-89BC-F16E5CF6D10B}.CD_ROM|x86.ActiveCfg = Release|x86
		{1B8A6E65-38BD-45CE-89BC-F16E5CF6D10B}.CD_ROM|x86.Build.0 = Release|x86
		{1B8A6E65-38BD-45CE-89BC-F16E5CF6D10B}.Debug|Any CPU.ActiveCfg = Debug|Any CPU
		{1B8A6E65-38BD-45CE-89BC-F16E5CF6D10B}.Debug|Any CPU.Build.0 = Debug|Any CPU
		{1B8A6E65-38BD-45CE-89BC-F16E5CF6D10B}.Debug|x86.ActiveCfg = Debug|x86
		{1B8A6E65-38BD-45CE-89BC-F16E5CF6D10B}.Debug|x86.Build.0 = Debug|x86
		{1B8A6E65-38BD-45CE-89BC-F16E5CF6D10B}.DVD-5|Any CPU.ActiveCfg = Debug|Any CPU
		{1B8A6E65-38BD-45CE-89BC-F16E5CF6D10B}.DVD-5|Any CPU.Build.0 = Debug|Any CPU
		{1B8A6E65-38BD-45CE-89BC-F16E5CF6D10B}.DVD-5|x86.ActiveCfg = Debug|x86
		{1B8A6E65-38BD-45CE-89BC-F16E5CF6D10B}.DVD-5|x86.Build.0 = Debug|x86
		{1B8A6E65-38BD-45CE-89BC-F16E5CF6D10B}.Release|Any CPU.ActiveCfg = Release|Any CPU
		{1B8A6E65-38BD-45CE-89BC-F16E5CF6D10B}.Release|Any CPU.Build.0 = Release|Any CPU
		{1B8A6E65-38BD-45CE-89BC-F16E5CF6D10B}.Release|x86.ActiveCfg = Release|x86
		{1B8A6E65-38BD-45CE-89BC-F16E5CF6D10B}.Release|x86.Build.0 = Release|x86
		{1B8A6E65-38BD-45CE-89BC-F16E5CF6D10B}.SingleImage|Any CPU.ActiveCfg = Release|Any CPU
		{1B8A6E65-38BD-45CE-89BC-F16E5CF6D10B}.SingleImage|Any CPU.Build.0 = Release|Any CPU
		{1B8A6E65-38BD-45CE-89BC-F16E5CF6D10B}.SingleImage|x86.ActiveCfg = Release|x86
		{1B8A6E65-38BD-45CE-89BC-F16E5CF6D10B}.SingleImage|x86.Build.0 = Release|x86
		{E3997FDA-309E-4727-8886-3BE853B7B764}.CD_ROM|Any CPU.ActiveCfg = Release
		{E3997FDA-309E-4727-8886-3BE853B7B764}.CD_ROM|Any CPU.Build.0 = Release
		{E3997FDA-309E-4727-8886-3BE853B7B764}.CD_ROM|x86.ActiveCfg = Release
		{E3997FDA-309E-4727-8886-3BE853B7B764}.CD_ROM|x86.Build.0 = Release
		{E3997FDA-309E-4727-8886-3BE853B7B764}.Debug|Any CPU.ActiveCfg = Debug
		{E3997FDA-309E-4727-8886-3BE853B7B764}.Debug|x86.ActiveCfg = Debug
		{E3997FDA-309E-4727-8886-3BE853B7B764}.Debug|x86.Build.0 = Debug
		{E3997FDA-309E-4727-8886-3BE853B7B764}.DVD-5|Any CPU.ActiveCfg = Debug
		{E3997FDA-309E-4727-8886-3BE853B7B764}.DVD-5|Any CPU.Build.0 = Debug
		{E3997FDA-309E-4727-8886-3BE853B7B764}.DVD-5|x86.ActiveCfg = Debug
		{E3997FDA-309E-4727-8886-3BE853B7B764}.DVD-5|x86.Build.0 = Debug
		{E3997FDA-309E-4727-8886-3BE853B7B764}.Release|Any CPU.ActiveCfg = Release
		{E3997FDA-309E-4727-8886-3BE853B7B764}.Release|x86.ActiveCfg = Release
		{E3997FDA-309E-4727-8886-3BE853B7B764}.Release|x86.Build.0 = Release
		{E3997FDA-309E-4727-8886-3BE853B7B764}.SingleImage|Any CPU.ActiveCfg = Release
		{E3997FDA-309E-4727-8886-3BE853B7B764}.SingleImage|Any CPU.Build.0 = Release
		{E3997FDA-309E-4727-8886-3BE853B7B764}.SingleImage|x86.ActiveCfg = Release
		{E3997FDA-309E-4727-8886-3BE853B7B764}.SingleImage|x86.Build.0 = Release
	EndGlobalSection
	GlobalSection(SolutionProperties) = preSolution
		HideSolutionNode = FALSE
	EndGlobalSection
EndGlobal
